
Microsoft Visual Studio Solution File, Format Version 12.00
# Visual Studio 2015
Project("{FAE04EC0-301F-11D3-BF4B-00C04F79EFBC}") = "protojam9.CSharp", "protojam9.CSharp.csproj", "{7FD9AC42-C016-36E8-8C3D-E9B76AB59308}"
EndProject
Project("{FAE04EC0-301F-11D3-BF4B-00C04F79EFBC}") = "protojam9.CSharp.Editor", "protojam9.CSharp.Editor.csproj", "{6C9D9D69-A8E3-3ED6-C561-1858ED322CB4}"
EndProject
Global
	GlobalSection(SolutionConfigurationPlatforms) = preSolution
		Debug|Any CPU = Debug|Any CPU
		Release|Any CPU = Release|Any CPU
	EndGlobalSection
	GlobalSection(ProjectConfigurationPlatforms) = postSolution
		{7FD9AC42-C016-36E8-8C3D-E9B76AB59308}.Debug|Any CPU.ActiveCfg = Debug|Any CPU
		{7FD9AC42-C016-36E8-8C3D-E9B76AB59308}.Debug|Any CPU.Build.0 = Debug|Any CPU
		{7FD9AC42-C016-36E8-8C3D-E9B76AB59308}.Release|Any CPU.ActiveCfg = Release|Any CPU
		{7FD9AC42-C016-36E8-8C3D-E9B76AB59308}.Release|Any CPU.Build.0 = Release|Any CPU
		{6C9D9D69-A8E3-3ED6-C561-1858ED322CB4}.Debug|Any CPU.ActiveCfg = Debug|Any CPU
		{6C9D9D69-A8E3-3ED6-C561-1858ED322CB4}.Debug|Any CPU.Build.0 = Debug|Any CPU
		{6C9D9D69-A8E3-3ED6-C561-1858ED322CB4}.Release|Any CPU.ActiveCfg = Release|Any CPU
		{6C9D9D69-A8E3-3ED6-C561-1858ED322CB4}.Release|Any CPU.Build.0 = Release|Any CPU
	EndGlobalSection
	GlobalSection(SolutionProperties) = preSolution
		HideSolutionNode = FALSE
	EndGlobalSection
EndGlobal
